
Microsoft Visual Studio Solution File, Format Version 12.00
# Visual Studio Version 17
VisualStudioVersion = 17.7.34221.43
MinimumVisualStudioVersion = 10.0.40219.1
Project("{FAE04EC0-301F-11D3-BF4B-00C04F79EFBC}") = "pendrive_authorization", "pendrive_authorization\pendrive_authorization.csproj", "{702C8790-11D8-4C7A-B085-5301E87EE8E3}"
EndProject
Global
	GlobalSection(SolutionConfigurationPlatforms) = preSolution
		Debug|Any CPU = Debug|Any CPU
		Release|Any CPU = Release|Any CPU
	EndGlobalSection
	GlobalSection(ProjectConfigurationPlatforms) = postSolution
		{702C8790-11D8-4C7A-B085-5301E87EE8E3}.Debug|Any CPU.ActiveCfg = Debug|Any CPU
		{702C8790-11D8-4C7A-B085-5301E87EE8E3}.Debug|Any CPU.Build.0 = Debug|Any CPU
		{702C8790-11D8-4C7A-B085-5301E87EE8E3}.Release|Any CPU.ActiveCfg = Release|Any CPU
		{702C8790-11D8-4C7A-B085-5301E87EE8E3}.Release|Any CPU.Build.0 = Release|Any CPU
	EndGlobalSection
	GlobalSection(SolutionProperties) = preSolution
		HideSolutionNode = FALSE
	EndGlobalSection
	GlobalSection(ExtensibilityGlobals) = postSolution
		SolutionGuid = {A4EF71DA-CC43-4B03-805C-965C5D44B1A4}
	EndGlobalSection
EndGlobal
